
Microsoft Visual Studio Solution File, Format Version 12.00
# Visual Studio Version 17
VisualStudioVersion = 17.2.32602.215
MinimumVisualStudioVersion = 10.0.40219.1
Project("{9A19103F-16F7-4668-BE54-9A1E7A4F7556}") = "task-tracker", "task-tracker.csproj", "{2C0068ED-4ECB-428F-BBAA-D2D8A3734D79}"
EndProject
Global
	GlobalSection(SolutionConfigurationPlatforms) = preSolution
		Debug|Any CPU = Debug|Any CPU
		Release|Any CPU = Release|Any CPU
	EndGlobalSection
	GlobalSection(ProjectConfigurationPlatforms) = postSolution
		{2C0068ED-4ECB-428F-BBAA-D2D8A3734D79}.Debug|Any CPU.ActiveCfg = Debug|Any CPU
		{2C0068ED-4ECB-428F-BBAA-D2D8A3734D79}.Debug|Any CPU.Build.0 = Debug|Any CPU
		{2C0068ED-4ECB-428F-BBAA-D2D8A3734D79}.Release|Any CPU.ActiveCfg = Release|Any CPU
		{2C0068ED-4ECB-428F-BBAA-D2D8A3734D79}.Release|Any CPU.Build.0 = Release|Any CPU
	EndGlobalSection
	GlobalSection(SolutionProperties) = preSolution
		HideSolutionNode = FALSE
	EndGlobalSection
	GlobalSection(ExtensibilityGlobals) = postSolution
		SolutionGuid = {5ED791AE-892B-4E73-8296-C5213BAF56EC}
	EndGlobalSection
EndGlobal
